{
  "version": 4,
  "terraform_version": "1.2.7",
  "serial": 181,
  "lineage": "1e8089d6-9611-a00d-7266-2629e6e839cb",
  "outputs": {
    "all-availability-domains-in-your-tenancy": {
      "value": [
        {
          "compartment_id": "ocid1.tenancy.oc1..aaaaaaaak5rnadajillakj55ipehvoyvpqumxwdkptufhashwu37us22ihva",
          "id": "ocid1.availabilitydomain.oc1..aaaaaaaaupx7ga46w4xbb3fnkoh7rtyumacyb3ek6bw7bt3qff3mgt3mbrlq",
          "name": "ONDg:PHX-AD-1"
        },
        {
          "compartment_id": "ocid1.tenancy.oc1..aaaaaaaak5rnadajillakj55ipehvoyvpqumxwdkptufhashwu37us22ihva",
          "id": "ocid1.availabilitydomain.oc1..aaaaaaaakemzo4ywaynz573sk4jpvwuqi7vmcuxajxfv4jjj2pthez3j2hbq",
          "name": "ONDg:PHX-AD-2"
        },
        {
          "compartment_id": "ocid1.tenancy.oc1..aaaaaaaak5rnadajillakj55ipehvoyvpqumxwdkptufhashwu37us22ihva",
          "id": "ocid1.availabilitydomain.oc1..aaaaaaaac7uydq54rcymamzauv5pd23qk2g2vqlrfu5jd3y6i6qxpvvzkf7a",
          "name": "ONDg:PHX-AD-3"
        }
      ],
      "type": [
        "list",
        [
          "object",
          {
            "compartment_id": "string",
            "id": "string",
            "name": "string"
          }
        ]
      ]
    },
    "compartment-id": {
      "value": "ocid1.compartment.oc1..aaaaaaaaruftxzlxcifyxizbmxh742ua4ud73mulvehsdeeefco4vl2qjdeq",
      "type": "string"
    },
    "id-for-for-route-table-that-includes-the-nat-gateway": {
      "value": "ocid1.routetable.oc1.phx.aaaaaaaaeiad2gejobg7wypwdvjegu2xewjach4uljtxnpqyjnfy4rco2e3a",
      "type": "string"
    },
    "id-for-route-table-that-includes-the-internet-gateway": {
      "value": "ocid1.routetable.oc1.phx.aaaaaaaaaws32kj27uc755n5eun5bjcxzfdnii3vbck3yocwjv2wcthw7crq",
      "type": "string"
    },
    "nat-gateway-id": {
      "value": "ocid1.natgateway.oc1.phx.aaaaaaaawhcxl2mbihjomzec2c67ceaf4hv5t2tji5mh6zwuqju27qjvue7a",
      "type": "string"
    },
    "private-security-list-OCID": {
      "value": "ocid1.securitylist.oc1.phx.aaaaaaaaoagcfibiyowlnz7iv4wygtji23utxbobr4zycl7abr6avvwxquvq",
      "type": "string"
    },
    "private-security-list-name": {
      "value": "security-list-for-private-subnet",
      "type": "string"
    },
    "public-security-list-OCID": {
      "value": "ocid1.securitylist.oc1.phx.aaaaaaaan5wjna6jv6kvwdjj2lbf7bc7lnvzypag2u6suvml4walr2nqpqfa",
      "type": "string"
    },
    "public-security-list-name": {
      "value": "security-list-for-public-subnet",
      "type": "string"
    },
    "vcn_id": {
      "value": "ocid1.vcn.oc1.phx.amaaaaaaflbxhjaahytekpxvxztubi2nxqqy7jqfxdur36t5kafde2rtx7ba",
      "type": "string"
    }
  },
  "resources": [
    {
      "mode": "data",
      "type": "oci_identity_availability_domains",
      "name": "ads",
      "provider": "provider[\"registry.terraform.io/oracle/oci\"]",
      "instances": [
        {
          "schema_version": 0,
          "attributes": {
            "availability_domains": [
              {
                "compartment_id": "ocid1.tenancy.oc1..aaaaaaaak5rnadajillakj55ipehvoyvpqumxwdkptufhashwu37us22ihva",
                "id": "ocid1.availabilitydomain.oc1..aaaaaaaaupx7ga46w4xbb3fnkoh7rtyumacyb3ek6bw7bt3qff3mgt3mbrlq",
                "name": "ONDg:PHX-AD-1"
              },
              {
                "compartment_id": "ocid1.tenancy.oc1..aaaaaaaak5rnadajillakj55ipehvoyvpqumxwdkptufhashwu37us22ihva",
                "id": "ocid1.availabilitydomain.oc1..aaaaaaaakemzo4ywaynz573sk4jpvwuqi7vmcuxajxfv4jjj2pthez3j2hbq",
                "name": "ONDg:PHX-AD-2"
              },
              {
                "compartment_id": "ocid1.tenancy.oc1..aaaaaaaak5rnadajillakj55ipehvoyvpqumxwdkptufhashwu37us22ihva",
                "id": "ocid1.availabilitydomain.oc1..aaaaaaaac7uydq54rcymamzauv5pd23qk2g2vqlrfu5jd3y6i6qxpvvzkf7a",
                "name": "ONDg:PHX-AD-3"
              }
            ],
            "compartment_id": "ocid1.tenancy.oc1..aaaaaaaak5rnadajillakj55ipehvoyvpqumxwdkptufhashwu37us22ihva",
            "filter": null,
            "id": "IdentityAvailabilityDomainsDataSource-268492680"
          },
          "sensitive_attributes": []
        }
      ]
    },
    {
      "mode": "managed",
      "type": "oci_containerengine_cluster",
      "name": "portwork-cluster",
      "provider": "provider[\"registry.terraform.io/oracle/oci\"]",
      "instances": [
        {
          "schema_version": 0,
          "attributes": {
            "available_kubernetes_upgrades": [],
            "cluster_pod_network_options": [
              {
                "cni_type": "FLANNEL_OVERLAY"
              }
            ],
            "compartment_id": "ocid1.compartment.oc1..aaaaaaaaruftxzlxcifyxizbmxh742ua4ud73mulvehsdeeefco4vl2qjdeq",
            "defined_tags": {
              "Oracle-Tags.CreatedBy": "default/huynhminhchu1999@gmail.com",
              "Oracle-Tags.CreatedOn": "2022-12-18T15:37:14.675Z"
            },
            "endpoint_config": [],
            "endpoints": [
              {
                "kubernetes": "192.29.109.223:6443",
                "private_endpoint": "",
                "public_endpoint": "",
                "vcn_hostname_endpoint": ""
              }
            ],
            "freeform_tags": {},
            "id": "ocid1.cluster.oc1.phx.aaaaaaaa6svc76ygtydjpx3zh6asqzdasgulh253ig2uezb2xcwm5dddp32q",
            "image_policy_config": [
              {
                "is_policy_enabled": false,
                "key_details": []
              }
            ],
            "kms_key_id": null,
            "kubernetes_version": "v1.24.1",
            "lifecycle_details": null,
            "metadata": [
              {
                "created_by_user_id": "ocid1.user.oc1..aaaaaaaavoixckgpdsq5csyaqgtnlc7vtjkomvkhl4fgofvraidz6gfq7owq",
                "created_by_work_request_id": "ocid1.clustersworkrequest.oc1.phx.aaaaaaaa4ov3peequf2g6p3vmmueuasnlswvjha3vfm67f43pwgmozrrjxha",
                "deleted_by_user_id": "",
                "deleted_by_work_request_id": "",
                "time_created": "2022-12-18 15:37:15 +0000 UTC",
                "time_deleted": "",
                "time_updated": "",
                "updated_by_user_id": "",
                "updated_by_work_request_id": ""
              }
            ],
            "name": "portwork-cluster",
            "options": [
              {
                "add_ons": [
                  {
                    "is_kubernetes_dashboard_enabled": false,
                    "is_tiller_enabled": false
                  }
                ],
                "admission_controller_options": [
                  {
                    "is_pod_security_policy_enabled": false
                  }
                ],
                "kubernetes_network_config": [
                  {
                    "pods_cidr": "10.244.0.0/16",
                    "services_cidr": "10.96.0.0/16"
                  }
                ],
                "persistent_volume_config": [
                  {
                    "defined_tags": {},
                    "freeform_tags": {}
                  }
                ],
                "service_lb_config": [
                  {
                    "defined_tags": {},
                    "freeform_tags": {}
                  }
                ],
                "service_lb_subnet_ids": [
                  "ocid1.subnet.oc1.phx.aaaaaaaa7w6ukyhvdv7phwb6emk2iuyqdencxmfyzyexvhuei55mqyzazfnq"
                ]
              }
            ],
            "state": "ACTIVE",
            "timeouts": null,
            "vcn_id": "ocid1.vcn.oc1.phx.amaaaaaaflbxhjaahytekpxvxztubi2nxqqy7jqfxdur36t5kafde2rtx7ba"
          },
          "sensitive_attributes": [],
          "private": "eyJlMmJmYjczMC1lY2FhLTExZTYtOGY4OC0zNDM2M2JjN2M0YzAiOnsiY3JlYXRlIjozNjAwMDAwMDAwMDAwLCJkZWxldGUiOjM2MDAwMDAwMDAwMDAsInVwZGF0ZSI6MzYwMDAwMDAwMDAwMH19",
          "dependencies": [
            "module.vcn.oci_core_internet_gateway.ig",
            "module.vcn.oci_core_route_table.ig",
            "module.vcn.oci_core_vcn.vcn",
            "oci_core_security_list.public-security-list",
            "oci_core_subnet.vcn-public-subnet",
            "oci_identity_compartment.portwork_compartment"
          ]
        }
      ]
    },
    {
      "mode": "managed",
      "type": "oci_containerengine_node_pool",
      "name": "portwork-nodepool",
      "provider": "provider[\"registry.terraform.io/oracle/oci\"]",
      "instances": [
        {
          "status": "tainted",
          "schema_version": 0,
          "attributes": {
            "cluster_id": "ocid1.cluster.oc1.phx.aaaaaaaa6svc76ygtydjpx3zh6asqzdasgulh253ig2uezb2xcwm5dddp32q",
            "compartment_id": "ocid1.compartment.oc1..aaaaaaaaruftxzlxcifyxizbmxh742ua4ud73mulvehsdeeefco4vl2qjdeq",
            "defined_tags": {
              "Oracle-Tags.CreatedBy": "default/huynhminhchu1999@gmail.com",
              "Oracle-Tags.CreatedOn": "2022-12-18T16:47:49.541Z"
            },
            "freeform_tags": {},
            "id": "ocid1.nodepool.oc1.phx.aaaaaaaaxisqa4z7gbit7tini42bvvo623j3ekiqq756sjjg4ncpasy7fvra",
            "initial_node_labels": [
              {
                "key": "name",
                "value": "portwork-cluster"
              }
            ],
            "kubernetes_version": "v1.24.1",
            "lifecycle_details": null,
            "name": "portwork-nodepool",
            "node_config_details": [
              {
                "defined_tags": {},
                "freeform_tags": {},
                "is_pv_encryption_in_transit_enabled": false,
                "kms_key_id": "",
                "node_pool_pod_network_option_details": [
                  {
                    "cni_type": "FLANNEL_OVERLAY",
                    "max_pods_per_node": 0,
                    "pod_nsg_ids": [],
                    "pod_subnet_ids": []
                  }
                ],
                "nsg_ids": [],
                "placement_configs": [
                  {
                    "availability_domain": "ONDg:PHX-AD-1",
                    "capacity_reservation_id": "",
                    "fault_domains": [],
                    "subnet_id": "ocid1.subnet.oc1.phx.aaaaaaaavsdzfou23nu36iah44fkjkr2wob7xpskxkvovcputntflafy4i5a"
                  }
                ],
                "size": 1
              }
            ],
            "node_eviction_node_pool_settings": [],
            "node_image_id": "ocid1.image.oc1.phx.aaaaaaaajnmlrissxtk5ssava7b7wsbhr27bfs2e4jr7we4vlzvkm6oc45nq",
            "node_image_name": "Oracle-Linux-7.9-2022.10.04-0",
            "node_metadata": {},
            "node_shape": "VM.Standard.E3.Flex",
            "node_shape_config": [
              {
                "memory_in_gbs": 2,
                "ocpus": 1
              }
            ],
            "node_source": [
              {
                "image_id": "ocid1.image.oc1.phx.aaaaaaaajnmlrissxtk5ssava7b7wsbhr27bfs2e4jr7we4vlzvkm6oc45nq",
                "source_name": "Oracle-Linux-7.9-2022.10.04-0",
                "source_type": "IMAGE"
              }
            ],
            "node_source_details": [
              {
                "boot_volume_size_in_gbs": "",
                "image_id": "ocid1.image.oc1.phx.aaaaaaaajnmlrissxtk5ssava7b7wsbhr27bfs2e4jr7we4vlzvkm6oc45nq",
                "source_type": "IMAGE"
              }
            ],
            "nodes": [],
            "quantity_per_subnet": 0,
            "ssh_public_key": "ssh-rsa AAAAB3NzaC1yc2EAAAADAQABAAABgQDBciBh3uykPAUysDLHtLJVI6bm1tbcAU/3TTToYL8oIaInODbO7lgkiIFEbKPhUJ/dxFFZv0mVaFKQ3KztaB5zzQzv5bVIHoDZXxCR94yNfSMxZ2B0/mJSQc+W9aPMQoMEbgTtfih7ODldzq+lMct2Y9MQVjPflsBiSRE+FsWLBSgzJlNdI1gLbBD0XgwJc5qGQ1d+mzLz1ayREDkvRrkGymRCA8NAW/VbepAFiKHQzwiRsZDQ5QlZbzDWp2FPSvoPAXFraojWYrTl6OASME+u1/eeS00T+3pbtwXfCXbZegn5sBbfWAM4iuQHoZ5GFG2sZf8sASh8aomQ8/hiBn4nolSv2AI7jskTrQu7fyI0ZE7FVOMDMJnsuC49O/Solf/hysrMu4XMH+XQ8+bv3PUf7IoEL8aNoxIhAfZwXXJbRxiZzqPnBXo6v6U1lR69LgZziDkFQYIeA4drInbYsDMF5MjWB5I9a37zrFRPpiWB51WA3UMfXZu2PlkZlCUU2b0= mc@mc",
            "state": "CREATING",
            "subnet_ids": [
              "ocid1.subnet.oc1.phx.aaaaaaaavsdzfou23nu36iah44fkjkr2wob7xpskxkvovcputntflafy4i5a"
            ],
            "timeouts": null
          },
          "sensitive_attributes": [],
          "private": "eyJlMmJmYjczMC1lY2FhLTExZTYtOGY4OC0zNDM2M2JjN2M0YzAiOnsiY3JlYXRlIjozMDAwMDAwMDAwMDAwLCJkZWxldGUiOjMwMDAwMDAwMDAwMDAsInVwZGF0ZSI6MzAwMDAwMDAwMDAwMH19",
          "dependencies": [
            "data.oci_identity_availability_domains.ads",
            "oci_containerengine_cluster.portwork-cluster",
            "oci_core_subnet.vcn-private-subnet",
            "oci_identity_compartment.portwork_compartment"
          ]
        }
      ]
    },
    {
      "mode": "managed",
      "type": "oci_core_security_list",
      "name": "private-security-list",
      "provider": "provider[\"registry.terraform.io/oracle/oci\"]",
      "instances": [
        {
          "schema_version": 0,
          "attributes": {
            "compartment_id": "ocid1.compartment.oc1..aaaaaaaaruftxzlxcifyxizbmxh742ua4ud73mulvehsdeeefco4vl2qjdeq",
            "defined_tags": {
              "Oracle-Tags.CreatedBy": "default/huynhminhchu1999@gmail.com",
              "Oracle-Tags.CreatedOn": "2022-12-18T15:18:27.413Z"
            },
            "display_name": "security-list-for-private-subnet",
            "egress_security_rules": [
              {
                "description": "",
                "destination": "0.0.0.0/0",
                "destination_type": "CIDR_BLOCK",
                "icmp_options": [],
                "protocol": "all",
                "stateless": false,
                "tcp_options": [],
                "udp_options": []
              }
            ],
            "freeform_tags": {},
            "id": "ocid1.securitylist.oc1.phx.aaaaaaaaoagcfibiyowlnz7iv4wygtji23utxbobr4zycl7abr6avvwxquvq",
            "ingress_security_rules": [
              {
                "description": "",
                "icmp_options": [
                  {
                    "code": -1,
                    "type": 3
                  }
                ],
                "protocol": "1",
                "source": "10.0.0.0/16",
                "source_type": "CIDR_BLOCK",
                "stateless": false,
                "tcp_options": [],
                "udp_options": []
              },
              {
                "description": "",
                "icmp_options": [
                  {
                    "code": 4,
                    "type": 3
                  }
                ],
                "protocol": "1",
                "source": "0.0.0.0/0",
                "source_type": "CIDR_BLOCK",
                "stateless": false,
                "tcp_options": [],
                "udp_options": []
              },
              {
                "description": "",
                "icmp_options": [],
                "protocol": "6",
                "source": "0.0.0.0/0",
                "source_type": "CIDR_BLOCK",
                "stateless": false,
                "tcp_options": [
                  {
                    "max": 22,
                    "min": 22,
                    "source_port_range": []
                  }
                ],
                "udp_options": []
              }
            ],
            "state": "AVAILABLE",
            "time_created": "2022-12-18 15:18:27.501 +0000 UTC",
            "timeouts": null,
            "vcn_id": "ocid1.vcn.oc1.phx.amaaaaaaflbxhjaahytekpxvxztubi2nxqqy7jqfxdur36t5kafde2rtx7ba"
          },
          "sensitive_attributes": [],
          "private": "eyJlMmJmYjczMC1lY2FhLTExZTYtOGY4OC0zNDM2M2JjN2M0YzAiOnsiY3JlYXRlIjoxMjAwMDAwMDAwMDAwLCJkZWxldGUiOjEyMDAwMDAwMDAwMDAsInVwZGF0ZSI6MTIwMDAwMDAwMDAwMH19",
          "dependencies": [
            "module.vcn.oci_core_vcn.vcn",
            "oci_identity_compartment.portwork_compartment"
          ]
        }
      ]
    },
    {
      "mode": "managed",
      "type": "oci_core_security_list",
      "name": "public-security-list",
      "provider": "provider[\"registry.terraform.io/oracle/oci\"]",
      "instances": [
        {
          "schema_version": 0,
          "attributes": {
            "compartment_id": "ocid1.compartment.oc1..aaaaaaaaruftxzlxcifyxizbmxh742ua4ud73mulvehsdeeefco4vl2qjdeq",
            "defined_tags": {
              "Oracle-Tags.CreatedBy": "default/huynhminhchu1999@gmail.com",
              "Oracle-Tags.CreatedOn": "2022-12-18T15:18:27.459Z"
            },
            "display_name": "security-list-for-public-subnet",
            "egress_security_rules": [
              {
                "description": "",
                "destination": "0.0.0.0/0",
                "destination_type": "CIDR_BLOCK",
                "icmp_options": [],
                "protocol": "all",
                "stateless": false,
                "tcp_options": [],
                "udp_options": []
              }
            ],
            "freeform_tags": {},
            "id": "ocid1.securitylist.oc1.phx.aaaaaaaan5wjna6jv6kvwdjj2lbf7bc7lnvzypag2u6suvml4walr2nqpqfa",
            "ingress_security_rules": [],
            "state": "AVAILABLE",
            "time_created": "2022-12-18 15:18:27.497 +0000 UTC",
            "timeouts": null,
            "vcn_id": "ocid1.vcn.oc1.phx.amaaaaaaflbxhjaahytekpxvxztubi2nxqqy7jqfxdur36t5kafde2rtx7ba"
          },
          "sensitive_attributes": [],
          "private": "eyJlMmJmYjczMC1lY2FhLTExZTYtOGY4OC0zNDM2M2JjN2M0YzAiOnsiY3JlYXRlIjoxMjAwMDAwMDAwMDAwLCJkZWxldGUiOjEyMDAwMDAwMDAwMDAsInVwZGF0ZSI6MTIwMDAwMDAwMDAwMH19",
          "dependencies": [
            "module.vcn.oci_core_vcn.vcn",
            "oci_identity_compartment.portwork_compartment"
          ]
        }
      ]
    },
    {
      "mode": "managed",
      "type": "oci_core_subnet",
      "name": "vcn-private-subnet",
      "provider": "provider[\"registry.terraform.io/oracle/oci\"]",
      "instances": [
        {
          "schema_version": 0,
          "attributes": {
            "availability_domain": null,
            "cidr_block": "10.0.1.0/24",
            "compartment_id": "ocid1.compartment.oc1..aaaaaaaaruftxzlxcifyxizbmxh742ua4ud73mulvehsdeeefco4vl2qjdeq",
            "defined_tags": {
              "Oracle-Tags.CreatedBy": "default/huynhminhchu1999@gmail.com",
              "Oracle-Tags.CreatedOn": "2022-12-18T15:18:30.668Z"
            },
            "dhcp_options_id": "ocid1.dhcpoptions.oc1.phx.aaaaaaaae5roftcijyky5altletuxomfcue3xzbtnkuazjiij7tukvhcge4q",
            "display_name": "private-subnet",
            "dns_label": null,
            "freeform_tags": {},
            "id": "ocid1.subnet.oc1.phx.aaaaaaaavsdzfou23nu36iah44fkjkr2wob7xpskxkvovcputntflafy4i5a",
            "ipv6cidr_block": null,
            "ipv6cidr_blocks": [],
            "ipv6virtual_router_ip": null,
            "prohibit_internet_ingress": false,
            "prohibit_public_ip_on_vnic": false,
            "route_table_id": "ocid1.routetable.oc1.phx.aaaaaaaaeiad2gejobg7wypwdvjegu2xewjach4uljtxnpqyjnfy4rco2e3a",
            "security_list_ids": [
              "ocid1.securitylist.oc1.phx.aaaaaaaaoagcfibiyowlnz7iv4wygtji23utxbobr4zycl7abr6avvwxquvq"
            ],
            "state": "AVAILABLE",
            "subnet_domain_name": null,
            "time_created": "2022-12-18 15:18:31.07 +0000 UTC",
            "timeouts": null,
            "vcn_id": "ocid1.vcn.oc1.phx.amaaaaaaflbxhjaahytekpxvxztubi2nxqqy7jqfxdur36t5kafde2rtx7ba",
            "virtual_router_ip": "10.0.1.1",
            "virtual_router_mac": "00:00:17:E9:AB:62"
          },
          "sensitive_attributes": [],
          "private": "eyJlMmJmYjczMC1lY2FhLTExZTYtOGY4OC0zNDM2M2JjN2M0YzAiOnsiY3JlYXRlIjoxMjAwMDAwMDAwMDAwLCJkZWxldGUiOjEyMDAwMDAwMDAwMDAsInVwZGF0ZSI6MTIwMDAwMDAwMDAwMH19",
          "dependencies": [
            "module.vcn.data.oci_core_services.all_oci_services",
            "module.vcn.module.subnet.data.oci_core_dhcp_options.dhcp_options",
            "module.vcn.module.subnet.oci_core_subnet.vcn_subnet",
            "module.vcn.oci_core_default_security_list.lockdown",
            "module.vcn.oci_core_default_security_list.restore_default",
            "module.vcn.oci_core_internet_gateway.ig",
            "module.vcn.oci_core_local_peering_gateway.lpg",
            "module.vcn.oci_core_nat_gateway.nat_gateway",
            "module.vcn.oci_core_route_table.ig",
            "module.vcn.oci_core_route_table.nat",
            "module.vcn.oci_core_service_gateway.service_gateway",
            "module.vcn.oci_core_vcn.vcn",
            "oci_core_security_list.private-security-list",
            "oci_identity_compartment.portwork_compartment"
          ]
        }
      ]
    },
    {
      "mode": "managed",
      "type": "oci_core_subnet",
      "name": "vcn-public-subnet",
      "provider": "provider[\"registry.terraform.io/oracle/oci\"]",
      "instances": [
        {
          "schema_version": 0,
          "attributes": {
            "availability_domain": null,
            "cidr_block": "10.0.0.0/24",
            "compartment_id": "ocid1.compartment.oc1..aaaaaaaaruftxzlxcifyxizbmxh742ua4ud73mulvehsdeeefco4vl2qjdeq",
            "defined_tags": {
              "Oracle-Tags.CreatedBy": "default/huynhminhchu1999@gmail.com",
              "Oracle-Tags.CreatedOn": "2022-12-18T15:18:29.680Z"
            },
            "dhcp_options_id": "ocid1.dhcpoptions.oc1.phx.aaaaaaaae5roftcijyky5altletuxomfcue3xzbtnkuazjiij7tukvhcge4q",
            "display_name": "public-subnet",
            "dns_label": null,
            "freeform_tags": {},
            "id": "ocid1.subnet.oc1.phx.aaaaaaaa7w6ukyhvdv7phwb6emk2iuyqdencxmfyzyexvhuei55mqyzazfnq",
            "ipv6cidr_block": null,
            "ipv6cidr_blocks": [],
            "ipv6virtual_router_ip": null,
            "prohibit_internet_ingress": false,
            "prohibit_public_ip_on_vnic": false,
            "route_table_id": "ocid1.routetable.oc1.phx.aaaaaaaaaws32kj27uc755n5eun5bjcxzfdnii3vbck3yocwjv2wcthw7crq",
            "security_list_ids": [
              "ocid1.securitylist.oc1.phx.aaaaaaaan5wjna6jv6kvwdjj2lbf7bc7lnvzypag2u6suvml4walr2nqpqfa"
            ],
            "state": "AVAILABLE",
            "subnet_domain_name": null,
            "time_created": "2022-12-18 15:18:29.741 +0000 UTC",
            "timeouts": null,
            "vcn_id": "ocid1.vcn.oc1.phx.amaaaaaaflbxhjaahytekpxvxztubi2nxqqy7jqfxdur36t5kafde2rtx7ba",
            "virtual_router_ip": "10.0.0.1",
            "virtual_router_mac": "00:00:17:E9:AB:62"
          },
          "sensitive_attributes": [],
          "private": "eyJlMmJmYjczMC1lY2FhLTExZTYtOGY4OC0zNDM2M2JjN2M0YzAiOnsiY3JlYXRlIjoxMjAwMDAwMDAwMDAwLCJkZWxldGUiOjEyMDAwMDAwMDAwMDAsInVwZGF0ZSI6MTIwMDAwMDAwMDAwMH19",
          "dependencies": [
            "module.vcn.oci_core_internet_gateway.ig",
            "module.vcn.oci_core_route_table.ig",
            "module.vcn.oci_core_vcn.vcn",
            "oci_core_security_list.public-security-list",
            "oci_identity_compartment.portwork_compartment"
          ]
        }
      ]
    },
    {
      "mode": "managed",
      "type": "oci_identity_compartment",
      "name": "portwork_compartment",
      "provider": "provider[\"registry.terraform.io/oracle/oci\"]",
      "instances": [
        {
          "schema_version": 0,
          "attributes": {
            "compartment_id": "ocid1.tenancy.oc1..aaaaaaaak5rnadajillakj55ipehvoyvpqumxwdkptufhashwu37us22ihva",
            "defined_tags": {
              "Oracle-Tags.CreatedBy": "default/huynhminhchu1999@gmail.com",
              "Oracle-Tags.CreatedOn": "2022-12-18T12:18:44.615Z"
            },
            "description": "Compartment for tf resources",
            "enable_delete": null,
            "freeform_tags": {},
            "id": "ocid1.compartment.oc1..aaaaaaaaruftxzlxcifyxizbmxh742ua4ud73mulvehsdeeefco4vl2qjdeq",
            "inactive_state": null,
            "is_accessible": true,
            "name": "portwork",
            "state": "ACTIVE",
            "time_created": "2022-12-18 12:18:45.2 +0000 UTC",
            "timeouts": null
          },
          "sensitive_attributes": [],
          "private": "eyJlMmJmYjczMC1lY2FhLTExZTYtOGY4OC0zNDM2M2JjN2M0YzAiOnsiZGVsZXRlIjo1NDAwMDAwMDAwMDAwfX0="
        }
      ]
    },
    {
      "module": "module.vcn",
      "mode": "data",
      "type": "oci_core_services",
      "name": "all_oci_services",
      "provider": "provider[\"registry.terraform.io/oracle/oci\"]",
      "instances": [
        {
          "index_key": 0,
          "schema_version": 0,
          "attributes": {
            "filter": [
              {
                "name": "name",
                "regex": true,
                "values": [
                  "All .* Services In Oracle Services Network"
                ]
              }
            ],
            "id": "CoreServicesDataSource-0",
            "services": [
              {
                "cidr_block": "all-phx-services-in-oracle-services-network",
                "description": "All PHX Services In Oracle Services Network",
                "id": "ocid1.service.oc1.phx.aaaaaaaasgvxtsqcj2jkt2xppos637xym4ab5qqqptgwjd4guj7v3d26t7oa",
                "name": "All PHX Services In Oracle Services Network"
              }
            ]
          },
          "sensitive_attributes": []
        }
      ]
    },
    {
      "module": "module.vcn",
      "mode": "managed",
      "type": "oci_core_default_security_list",
      "name": "lockdown",
      "provider": "provider[\"registry.terraform.io/oracle/oci\"]",
      "instances": [
        {
          "index_key": 0,
          "schema_version": 0,
          "attributes": {
            "compartment_id": "ocid1.compartment.oc1..aaaaaaaaruftxzlxcifyxizbmxh742ua4ud73mulvehsdeeefco4vl2qjdeq",
            "defined_tags": {
              "Oracle-Tags.CreatedBy": "default/huynhminhchu1999@gmail.com",
              "Oracle-Tags.CreatedOn": "2022-12-18T15:18:25.345Z"
            },
            "display_name": "Default Security List for vcn-portwork",
            "egress_security_rules": [],
            "freeform_tags": {
              "module": "oracle-terraform-modules/vcn/oci",
              "terraformed": "Please do not edit manually"
            },
            "id": "ocid1.securitylist.oc1.phx.aaaaaaaalg4fezttcj664fpxc47zkhqcql6zzjvjefuuxxxhp7tdciemzqpq",
            "ingress_security_rules": [],
            "manage_default_resource_id": "ocid1.securitylist.oc1.phx.aaaaaaaalg4fezttcj664fpxc47zkhqcql6zzjvjefuuxxxhp7tdciemzqpq",
            "state": "AVAILABLE",
            "time_created": "2022-12-18 15:18:25.492 +0000 UTC",
            "timeouts": null
          },
          "sensitive_attributes": [],
          "private": "eyJlMmJmYjczMC1lY2FhLTExZTYtOGY4OC0zNDM2M2JjN2M0YzAiOnsiY3JlYXRlIjoxMjAwMDAwMDAwMDAwLCJkZWxldGUiOjEyMDAwMDAwMDAwMDAsInVwZGF0ZSI6MTIwMDAwMDAwMDAwMH19",
          "dependencies": [
            "module.vcn.oci_core_vcn.vcn",
            "oci_identity_compartment.portwork_compartment"
          ]
        }
      ]
    },
    {
      "module": "module.vcn",
      "mode": "managed",
      "type": "oci_core_internet_gateway",
      "name": "ig",
      "provider": "provider[\"registry.terraform.io/oracle/oci\"]",
      "instances": [
        {
          "index_key": 0,
          "schema_version": 0,
          "attributes": {
            "compartment_id": "ocid1.compartment.oc1..aaaaaaaaruftxzlxcifyxizbmxh742ua4ud73mulvehsdeeefco4vl2qjdeq",
            "defined_tags": {
              "Oracle-Tags.CreatedBy": "default/huynhminhchu1999@gmail.com",
              "Oracle-Tags.CreatedOn": "2022-12-18T15:18:27.373Z"
            },
            "display_name": "internet-gateway",
            "enabled": true,
            "freeform_tags": {
              "module": "oracle-terraform-modules/vcn/oci",
              "terraformed": "Please do not edit manually"
            },
            "id": "ocid1.internetgateway.oc1.phx.aaaaaaaah66j2relw4b4f5334y3xdzqo7qpoxzistethgs24t62pm3w5kzpq",
            "route_table_id": null,
            "state": "AVAILABLE",
            "time_created": "2022-12-18 15:18:27.465 +0000 UTC",
            "timeouts": null,
            "vcn_id": "ocid1.vcn.oc1.phx.amaaaaaaflbxhjaahytekpxvxztubi2nxqqy7jqfxdur36t5kafde2rtx7ba"
          },
          "sensitive_attributes": [],
          "private": "eyJlMmJmYjczMC1lY2FhLTExZTYtOGY4OC0zNDM2M2JjN2M0YzAiOnsiY3JlYXRlIjoxMjAwMDAwMDAwMDAwLCJkZWxldGUiOjEyMDAwMDAwMDAwMDAsInVwZGF0ZSI6MTIwMDAwMDAwMDAwMH19",
          "dependencies": [
            "module.vcn.oci_core_vcn.vcn",
            "oci_identity_compartment.portwork_compartment"
          ]
        }
      ]
    },
    {
      "module": "module.vcn",
      "mode": "managed",
      "type": "oci_core_nat_gateway",
      "name": "nat_gateway",
      "provider": "provider[\"registry.terraform.io/oracle/oci\"]",
      "instances": [
        {
          "index_key": 0,
          "schema_version": 0,
          "attributes": {
            "block_traffic": false,
            "compartment_id": "ocid1.compartment.oc1..aaaaaaaaruftxzlxcifyxizbmxh742ua4ud73mulvehsdeeefco4vl2qjdeq",
            "defined_tags": {
              "Oracle-Tags.CreatedBy": "default/huynhminhchu1999@gmail.com",
              "Oracle-Tags.CreatedOn": "2022-12-18T15:18:26.694Z"
            },
            "display_name": "nat-gateway",
            "freeform_tags": {
              "module": "oracle-terraform-modules/vcn/oci",
              "terraformed": "Please do not edit manually"
            },
            "id": "ocid1.natgateway.oc1.phx.aaaaaaaawhcxl2mbihjomzec2c67ceaf4hv5t2tji5mh6zwuqju27qjvue7a",
            "nat_ip": "141.148.180.157",
            "public_ip_id": "ocid1.publicip.oc1.phx.aaaaaaaahu4n22fj7rtjk6f2aaofzxv765w5vjhbc4uk53y64epii4ffswgq",
            "route_table_id": null,
            "state": "AVAILABLE",
            "time_created": "2022-12-18 15:18:27.012 +0000 UTC",
            "timeouts": null,
            "vcn_id": "ocid1.vcn.oc1.phx.amaaaaaaflbxhjaahytekpxvxztubi2nxqqy7jqfxdur36t5kafde2rtx7ba"
          },
          "sensitive_attributes": [],
          "private": "eyJlMmJmYjczMC1lY2FhLTExZTYtOGY4OC0zNDM2M2JjN2M0YzAiOnsiY3JlYXRlIjoxMjAwMDAwMDAwMDAwLCJkZWxldGUiOjEyMDAwMDAwMDAwMDAsInVwZGF0ZSI6MTIwMDAwMDAwMDAwMH19",
          "dependencies": [
            "module.vcn.oci_core_vcn.vcn",
            "oci_identity_compartment.portwork_compartment"
          ]
        }
      ]
    },
    {
      "module": "module.vcn",
      "mode": "managed",
      "type": "oci_core_route_table",
      "name": "ig",
      "provider": "provider[\"registry.terraform.io/oracle/oci\"]",
      "instances": [
        {
          "index_key": 0,
          "schema_version": 0,
          "attributes": {
            "compartment_id": "ocid1.compartment.oc1..aaaaaaaaruftxzlxcifyxizbmxh742ua4ud73mulvehsdeeefco4vl2qjdeq",
            "defined_tags": {
              "Oracle-Tags.CreatedBy": "default/huynhminhchu1999@gmail.com",
              "Oracle-Tags.CreatedOn": "2022-12-18T15:18:28.490Z"
            },
            "display_name": "internet-route",
            "freeform_tags": {
              "module": "oracle-terraform-modules/vcn/oci",
              "terraformed": "Please do not edit manually"
            },
            "id": "ocid1.routetable.oc1.phx.aaaaaaaaaws32kj27uc755n5eun5bjcxzfdnii3vbck3yocwjv2wcthw7crq",
            "route_rules": [
              {
                "cidr_block": "",
                "description": "Terraformed - Auto-generated at Internet Gateway creation: Internet Gateway as default gateway",
                "destination": "0.0.0.0/0",
                "destination_type": "CIDR_BLOCK",
                "network_entity_id": "ocid1.internetgateway.oc1.phx.aaaaaaaah66j2relw4b4f5334y3xdzqo7qpoxzistethgs24t62pm3w5kzpq",
                "route_type": ""
              }
            ],
            "state": "AVAILABLE",
            "time_created": "2022-12-18 15:18:28.747 +0000 UTC",
            "timeouts": null,
            "vcn_id": "ocid1.vcn.oc1.phx.amaaaaaaflbxhjaahytekpxvxztubi2nxqqy7jqfxdur36t5kafde2rtx7ba"
          },
          "sensitive_attributes": [],
          "private": "eyJlMmJmYjczMC1lY2FhLTExZTYtOGY4OC0zNDM2M2JjN2M0YzAiOnsiY3JlYXRlIjoxMjAwMDAwMDAwMDAwLCJkZWxldGUiOjEyMDAwMDAwMDAwMDAsInVwZGF0ZSI6MTIwMDAwMDAwMDAwMH19",
          "dependencies": [
            "module.vcn.oci_core_internet_gateway.ig",
            "module.vcn.oci_core_vcn.vcn",
            "oci_identity_compartment.portwork_compartment"
          ]
        }
      ]
    },
    {
      "module": "module.vcn",
      "mode": "managed",
      "type": "oci_core_route_table",
      "name": "nat",
      "provider": "provider[\"registry.terraform.io/oracle/oci\"]",
      "instances": [
        {
          "index_key": 0,
          "schema_version": 0,
          "attributes": {
            "compartment_id": "ocid1.compartment.oc1..aaaaaaaaruftxzlxcifyxizbmxh742ua4ud73mulvehsdeeefco4vl2qjdeq",
            "defined_tags": {
              "Oracle-Tags.CreatedBy": "default/huynhminhchu1999@gmail.com",
              "Oracle-Tags.CreatedOn": "2022-12-18T15:18:29.425Z"
            },
            "display_name": "nat-route",
            "freeform_tags": {
              "module": "oracle-terraform-modules/vcn/oci",
              "terraformed": "Please do not edit manually"
            },
            "id": "ocid1.routetable.oc1.phx.aaaaaaaaeiad2gejobg7wypwdvjegu2xewjach4uljtxnpqyjnfy4rco2e3a",
            "route_rules": [
              {
                "cidr_block": "",
                "description": "Terraformed - Auto-generated at NAT Gateway creation: NAT Gateway as default gateway",
                "destination": "0.0.0.0/0",
                "destination_type": "CIDR_BLOCK",
                "network_entity_id": "ocid1.natgateway.oc1.phx.aaaaaaaawhcxl2mbihjomzec2c67ceaf4hv5t2tji5mh6zwuqju27qjvue7a",
                "route_type": ""
              },
              {
                "cidr_block": "",
                "description": "Terraformed - Auto-generated at Service Gateway creation: All Services in region to Service Gateway",
                "destination": "all-phx-services-in-oracle-services-network",
                "destination_type": "SERVICE_CIDR_BLOCK",
                "network_entity_id": "ocid1.servicegateway.oc1.phx.aaaaaaaafpk6a5hxs3cnwocvhjbrulcjtlz4m7irlfaruzxqnwoevnbip7hq",
                "route_type": ""
              }
            ],
            "state": "AVAILABLE",
            "time_created": "2022-12-18 15:18:29.475 +0000 UTC",
            "timeouts": null,
            "vcn_id": "ocid1.vcn.oc1.phx.amaaaaaaflbxhjaahytekpxvxztubi2nxqqy7jqfxdur36t5kafde2rtx7ba"
          },
          "sensitive_attributes": [],
          "private": "eyJlMmJmYjczMC1lY2FhLTExZTYtOGY4OC0zNDM2M2JjN2M0YzAiOnsiY3JlYXRlIjoxMjAwMDAwMDAwMDAwLCJkZWxldGUiOjEyMDAwMDAwMDAwMDAsInVwZGF0ZSI6MTIwMDAwMDAwMDAwMH19",
          "dependencies": [
            "module.vcn.data.oci_core_services.all_oci_services",
            "module.vcn.oci_core_nat_gateway.nat_gateway",
            "module.vcn.oci_core_service_gateway.service_gateway",
            "module.vcn.oci_core_vcn.vcn",
            "oci_identity_compartment.portwork_compartment"
          ]
        }
      ]
    },
    {
      "module": "module.vcn",
      "mode": "managed",
      "type": "oci_core_service_gateway",
      "name": "service_gateway",
      "provider": "provider[\"registry.terraform.io/oracle/oci\"]",
      "instances": [
        {
          "index_key": 0,
          "schema_version": 0,
          "attributes": {
            "block_traffic": false,
            "compartment_id": "ocid1.compartment.oc1..aaaaaaaaruftxzlxcifyxizbmxh742ua4ud73mulvehsdeeefco4vl2qjdeq",
            "defined_tags": {
              "Oracle-Tags.CreatedBy": "default/huynhminhchu1999@gmail.com",
              "Oracle-Tags.CreatedOn": "2022-12-18T15:18:27.366Z"
            },
            "display_name": "service-gateway",
            "freeform_tags": {
              "module": "oracle-terraform-modules/vcn/oci",
              "terraformed": "Please do not edit manually"
            },
            "id": "ocid1.servicegateway.oc1.phx.aaaaaaaafpk6a5hxs3cnwocvhjbrulcjtlz4m7irlfaruzxqnwoevnbip7hq",
            "route_table_id": null,
            "services": [
              {
                "service_id": "ocid1.service.oc1.phx.aaaaaaaasgvxtsqcj2jkt2xppos637xym4ab5qqqptgwjd4guj7v3d26t7oa",
                "service_name": "All PHX Services In Oracle Services Network"
              }
            ],
            "state": "AVAILABLE",
            "time_created": "2022-12-18 15:18:28.32 +0000 UTC",
            "timeouts": null,
            "vcn_id": "ocid1.vcn.oc1.phx.amaaaaaaflbxhjaahytekpxvxztubi2nxqqy7jqfxdur36t5kafde2rtx7ba"
          },
          "sensitive_attributes": [],
          "private": "eyJlMmJmYjczMC1lY2FhLTExZTYtOGY4OC0zNDM2M2JjN2M0YzAiOnsiY3JlYXRlIjoxMjAwMDAwMDAwMDAwLCJkZWxldGUiOjEyMDAwMDAwMDAwMDAsInVwZGF0ZSI6MTIwMDAwMDAwMDAwMH19",
          "dependencies": [
            "module.vcn.data.oci_core_services.all_oci_services",
            "module.vcn.oci_core_vcn.vcn",
            "oci_identity_compartment.portwork_compartment"
          ]
        }
      ]
    },
    {
      "module": "module.vcn",
      "mode": "managed",
      "type": "oci_core_vcn",
      "name": "vcn",
      "provider": "provider[\"registry.terraform.io/oracle/oci\"]",
      "instances": [
        {
          "schema_version": 0,
          "attributes": {
            "byoipv6cidr_blocks": [],
            "byoipv6cidr_details": [],
            "cidr_block": "10.0.0.0/16",
            "cidr_blocks": [
              "10.0.0.0/16"
            ],
            "compartment_id": "ocid1.compartment.oc1..aaaaaaaaruftxzlxcifyxizbmxh742ua4ud73mulvehsdeeefco4vl2qjdeq",
            "default_dhcp_options_id": "ocid1.dhcpoptions.oc1.phx.aaaaaaaae5roftcijyky5altletuxomfcue3xzbtnkuazjiij7tukvhcge4q",
            "default_route_table_id": "ocid1.routetable.oc1.phx.aaaaaaaawuesozmrr4lrabih5tyxxcjvqmnwzvhbap3wxuur55ps5ylsutua",
            "default_security_list_id": "ocid1.securitylist.oc1.phx.aaaaaaaalg4fezttcj664fpxc47zkhqcql6zzjvjefuuxxxhp7tdciemzqpq",
            "defined_tags": {
              "Oracle-Tags.CreatedBy": "default/huynhminhchu1999@gmail.com",
              "Oracle-Tags.CreatedOn": "2022-12-18T15:18:25.345Z"
            },
            "display_name": "vcn-portwork",
            "dns_label": "vcnmodule",
            "freeform_tags": {
              "module": "oracle-terraform-modules/vcn/oci",
              "terraformed": "Please do not edit manually"
            },
            "id": "ocid1.vcn.oc1.phx.amaaaaaaflbxhjaahytekpxvxztubi2nxqqy7jqfxdur36t5kafde2rtx7ba",
            "ipv6cidr_blocks": [],
            "ipv6private_cidr_blocks": [],
            "is_ipv6enabled": false,
            "is_oracle_gua_allocation_enabled": null,
            "state": "AVAILABLE",
            "time_created": "2022-12-18 15:18:25.492 +0000 UTC",
            "timeouts": null,
            "vcn_domain_name": "vcnmodule.oraclevcn.com"
          },
          "sensitive_attributes": [],
          "private": "eyJlMmJmYjczMC1lY2FhLTExZTYtOGY4OC0zNDM2M2JjN2M0YzAiOnsiY3JlYXRlIjoxMjAwMDAwMDAwMDAwLCJkZWxldGUiOjEyMDAwMDAwMDAwMDAsInVwZGF0ZSI6MTIwMDAwMDAwMDAwMH19",
          "dependencies": [
            "oci_identity_compartment.portwork_compartment"
          ]
        }
      ]
    }
  ]
}
